Microsoft Visual Studio Solution File, Format Version 12.00
# Visual Studio Version 17
VisualStudioVersion = 17.5.2.0
MinimumVisualStudioVersion = 10.0.40219.1
Project("{FAE04EC0-301F-11D3-BF4B-00C04F79EFBC}") = "random-image-fetcher", "random-image-fetcher.csproj", "{B6B88B0E-A95C-0B30-C730-ACC74A438C4C}"
EndProject
Global
	GlobalSection(SolutionConfigurationPlatforms) = preSolution
		Debug|Any CPU = Debug|Any CPU
		Release|Any CPU = Release|Any CPU
	EndGlobalSection
	GlobalSection(ProjectConfigurationPlatforms) = postSolution
		{B6B88B0E-A95C-0B30-C730-ACC74A438C4C}.Debug|Any CPU.ActiveCfg = Debug|Any CPU
		{B6B88B0E-A95C-0B30-C730-ACC74A438C4C}.Debug|Any CPU.Build.0 = Debug|Any CPU
		{B6B88B0E-A95C-0B30-C730-ACC74A438C4C}.Release|Any CPU.ActiveCfg = Release|Any CPU
		{B6B88B0E-A95C-0B30-C730-ACC74A438C4C}.Release|Any CPU.Build.0 = Release|Any CPU
	EndGlobalSection
	GlobalSection(SolutionProperties) = preSolution
		HideSolutionNode = FALSE
	EndGlobalSection
	GlobalSection(ExtensibilityGlobals) = postSolution
		SolutionGuid = {ED64FB21-46CB-4E0D-AFDE-8197520CE6D3}
	EndGlobalSection
EndGlobal
